<?xml version="1.0" encoding="utf-8"?>
<Project ToolsVersion="4.0" xmlns="http://schemas.microsoft.com/developer/msbuild/2003">
  <ItemGroup>
    <Filter Include="Source Files">
      <UniqueIdentifier>{1de52bb0-2c68-4269-b4dd-5f4cd81d2543}</UniqueIdentifier>
      <Extensions>cpp;c;cxx;rc;def;r;odl;idl;hpj;bat</Extensions>
    </Filter>
    <Filter Include="Header Files">
      <UniqueIdentifier>{ee76de45-63c6-40b1-ab5b-0933b39f785a}</UniqueIdentifier>
      <Extensions>h;hpp;hxx;hm;inl</Extensions>
    </Filter>
    <Filter Include="Resource Files">
      <UniqueIdentifier>{30b8fb24-a701-4e8a-bcd2-53b41966795d}</UniqueIdentifier>
      <Extensions>ico;cur;bmp;dlg;rc2;rct;bin;rgs;gif;jpg;jpeg;jpe</Extensions>
    </Filter>
  </ItemGroup>
  <ItemGroup>
    <ClCompile Include="3D Printer.cpp">
      <Filter>Source Files</Filter>
    </ClCompile>
    <ClCompile Include="3D PrinterDlg.cpp">
      <Filter>Source Files</Filter>
    </ClCompile>
    <ClCompile Include="Command.c">
      <Filter>Source Files</Filter>
    </ClCompile>
    <ClCompile Include="CRC16.cpp">
      <Filter>Source Files</Filter>
    </ClCompile>
    <ClCompile Include="CRC32.cpp">
      <Filter>Source Files</Filter>
    </ClCompile>
    <ClCompile Include="Delay.cpp">
      <Filter>Source Files</Filter>
    </ClCompile>
    <ClCompile Include="multilanguage.cpp">
      <Filter>Source Files</Filter>
    </ClCompile>
    <ClCompile Include="Para1.cpp">
      <Filter>Source Files</Filter>
    </ClCompile>
    <ClCompile Include="Para2.cpp">
      <Filter>Source Files</Filter>
    </ClCompile>
    <ClCompile Include="Para3.cpp">
      <Filter>Source Files</Filter>
    </ClCompile>
    <ClCompile Include="Para5.cpp">
      <Filter>Source Files</Filter>
    </ClCompile>
    <ClCompile Include="Para6.cpp">
      <Filter>Source Files</Filter>
    </ClCompile>
    <ClCompile Include="Queue.c">
      <Filter>Source Files</Filter>
    </ClCompile>
    <ClCompile Include="StdAfx.cpp">
      <Filter>Source Files</Filter>
    </ClCompile>
    <ClCompile Include="uart.cpp">
      <Filter>Source Files</Filter>
    </ClCompile>
  </ItemGroup>
  <ItemGroup>
    <ResourceCompile Include="3D Printer.rc">
      <Filter>Source Files</Filter>
    </ResourceCompile>
  </ItemGroup>
  <ItemGroup>
    <ClInclude Include="3D Printer.h">
      <Filter>Header Files</Filter>
    </ClInclude>
    <ClInclude Include="3D PrinterDlg.h">
      <Filter>Header Files</Filter>
    </ClInclude>
    <ClInclude Include="ImageMaker.h">
      <Filter>Header Files</Filter>
    </ClInclude>
    <ClInclude Include="MyListBox.h">
      <Filter>Header Files</Filter>
    </ClInclude>
    <ClInclude Include="Para1.h">
      <Filter>Header Files</Filter>
    </ClInclude>
    <ClInclude Include="Para4.h">
      <Filter>Header Files</Filter>
    </ClInclude>
    <ClInclude Include="Para5.h">
      <Filter>Header Files</Filter>
    </ClInclude>
    <ClInclude Include="Para6.h">
      <Filter>Header Files</Filter>
    </ClInclude>
    <ClInclude Include="Para7.h">
      <Filter>Header Files</Filter>
    </ClInclude>
    <ClInclude Include="Resource.h">
      <Filter>Header Files</Filter>
    </ClInclude>
    <ClInclude Include="StdAfx.h">
      <Filter>Header Files</Filter>
    </ClInclude>
  </ItemGroup>
  <ItemGroup>
    <Image Include="res\3D Printer.ico">
      <Filter>Resource Files</Filter>
    </Image>
  </ItemGroup>
  <ItemGroup>
    <Text Include="ReadMe.txt" />
  </ItemGroup>
  <ItemGroup>
    <CustomBuild Include="res\3D Printer.rc2">
      <Filter>Resource Files</Filter>
    </CustomBuild>
  </ItemGroup>
</Project>